
Microsoft Visual Studio Solution File, Format Version 12.00
# Visual Studio Version 17
VisualStudioVersion = 17.6.33829.357
MinimumVisualStudioVersion = 10.0.40219.1
Project("{FAE04EC0-301F-11D3-BF4B-00C04F79EFBC}") = "ECommerce-Template-MVC", "ECommerce-Template-MVC\ECommerce-Template-MVC.csproj", "{12213718-D0C8-49E0-ABC7-6B3E02DAC601}"
EndProject
Global
	GlobalSection(SolutionConfigurationPlatforms) = preSolution
		Debug|Any CPU = Debug|Any CPU
		Release|Any CPU = Release|Any CPU
	EndGlobalSection
	GlobalSection(ProjectConfigurationPlatforms) = postSolution
		{12213718-D0C8-49E0-ABC7-6B3E02DAC601}.Debug|Any CPU.ActiveCfg = Debug|Any CPU
		{12213718-D0C8-49E0-ABC7-6B3E02DAC601}.Debug|Any CPU.Build.0 = Debug|Any CPU
		{12213718-D0C8-49E0-ABC7-6B3E02DAC601}.Release|Any CPU.ActiveCfg = Release|Any CPU
		{12213718-D0C8-49E0-ABC7-6B3E02DAC601}.Release|Any CPU.Build.0 = Release|Any CPU
	EndGlobalSection
	GlobalSection(SolutionProperties) = preSolution
		HideSolutionNode = FALSE
	EndGlobalSection
	GlobalSection(ExtensibilityGlobals) = postSolution
		SolutionGuid = {32A78B55-0A64-421C-9F89-51579CA56F67}
	EndGlobalSection
EndGlobal
